{
  "requires": true,
  "lockfileVersion": 1,
  "dependencies": {
    "@awesome-cordova-plugins/splash-screen": {
      "version": "5.37.3",
      "resolved": "https://registry.npmjs.org/@awesome-cordova-plugins/splash-screen/-/splash-screen-5.37.3.tgz",
      "integrity": "sha512-tbT4l1/R4IT/tYf5ITDppWe1lY0NXR0fLF0HLPD9zcf4wCDpy/CaY2KVC+kbXNsbi93NPH8efOj/IgHDZ3iCGw==",
      "requires": {
        "@types/cordova": "^0.0.34"
      }
    },
    "@awesome-cordova-plugins/status-bar": {
      "version": "5.37.3",
      "resolved": "https://registry.npmjs.org/@awesome-cordova-plugins/status-bar/-/status-bar-5.37.3.tgz",
      "integrity": "sha512-/MTw12eIeYDQ0ASf9sN8IAueB/3AlqmPScfgLQgqqAIy7Z6dvsvvXOyJ86LbCL/rwVp61iR/EtJL5DcBAQN7Jg==",
      "requires": {
        "@types/cordova": "^0.0.34"
      }
    },
    "@types/cordova": {
      "version": "0.0.34",
      "resolved": "https://registry.npmjs.org/@types/cordova/-/cordova-0.0.34.tgz",
      "integrity": "sha1-6nrd907Ow9dimCegw54smt3HPQQ="
    },
    "cordova-plugin-splashscreen": {
      "version": "6.0.0",
      "resolved": "https://registry.npmjs.org/cordova-plugin-splashscreen/-/cordova-plugin-splashscreen-6.0.0.tgz",
      "integrity": "sha512-pm4ZtJKQY4bCGXVeIInbGrXilryTevYSKgfvoQJpW9UClOWKAxSsYf2/4G2u1vcn492svOSL42OSa2MhujBWEQ=="
    },
    "cordova-plugin-statusbar": {
      "version": "3.0.0",
      "resolved": "https://registry.npmjs.org/cordova-plugin-statusbar/-/cordova-plugin-statusbar-3.0.0.tgz",
      "integrity": "sha512-nzkeWeyLA6+1FryzO0aeB6NS8MZ45gnBYeq2VZqfdNbddZEgtpI4XPYdBVxvm9NhcVoJ3tdA1OBnQD9JryoV0Q=="
    }
  }
}
