{
  "requires": true,
  "lockfileVersion": 1,
  "dependencies": {
    "cordova-plugin-statusbar": {
      "version": "3.0.0",
      "resolved": "https://registry.npmjs.org/cordova-plugin-statusbar/-/cordova-plugin-statusbar-3.0.0.tgz",
      "integrity": "sha512-nzkeWeyLA6+1FryzO0aeB6NS8MZ45gnBYeq2VZqfdNbddZEgtpI4XPYdBVxvm9NhcVoJ3tdA1OBnQD9JryoV0Q=="
    }
  }
}
